
Microsoft Visual Studio Solution File, Format Version 12.00
# Visual Studio Version 17
VisualStudioVersion = 17.14.36429.23 d17.14
MinimumVisualStudioVersion = 10.0.40219.1
Project("{FAE04EC0-301F-11D3-BF4B-00C04F79EFBC}") = "Assignment3-PasswordValidator", "Assignment3-PasswordValidator\Assignment3-PasswordValidator.csproj", "{44E5FF55-483C-423F-8C83-70452F550C8C}"
EndProject
Global
	GlobalSection(SolutionConfigurationPlatforms) = preSolution
		Debug|Any CPU = Debug|Any CPU
		Release|Any CPU = Release|Any CPU
	EndGlobalSection
	GlobalSection(ProjectConfigurationPlatforms) = postSolution
		{44E5FF55-483C-423F-8C83-70452F550C8C}.Debug|Any CPU.ActiveCfg = Debug|Any CPU
		{44E5FF55-483C-423F-8C83-70452F550C8C}.Debug|Any CPU.Build.0 = Debug|Any CPU
		{44E5FF55-483C-423F-8C83-70452F550C8C}.Release|Any CPU.ActiveCfg = Release|Any CPU
		{44E5FF55-483C-423F-8C83-70452F550C8C}.Release|Any CPU.Build.0 = Release|Any CPU
	EndGlobalSection
	GlobalSection(SolutionProperties) = preSolution
		HideSolutionNode = FALSE
	EndGlobalSection
	GlobalSection(ExtensibilityGlobals) = postSolution
		SolutionGuid = {3FB9DDAC-6B85-4892-84D9-4F7280709D80}
	EndGlobalSection
EndGlobal
