
Microsoft Visual Studio Solution File, Format Version 12.00
# Visual Studio Version 17
VisualStudioVersion = 17.14.36429.23 d17.14
MinimumVisualStudioVersion = 10.0.40219.1
Project("{FAE04EC0-301F-11D3-BF4B-00C04F79EFBC}") = "Assignment5BankAccountSimulation", "Assignment5BankAccountSimulation\Assignment5BankAccountSimulation.csproj", "{8E92C47A-E735-49F7-A834-C2CE31643F4C}"
EndProject
Global
	GlobalSection(SolutionConfigurationPlatforms) = preSolution
		Debug|Any CPU = Debug|Any CPU
		Release|Any CPU = Release|Any CPU
	EndGlobalSection
	GlobalSection(ProjectConfigurationPlatforms) = postSolution
		{8E92C47A-E735-49F7-A834-C2CE31643F4C}.Debug|Any CPU.ActiveCfg = Debug|Any CPU
		{8E92C47A-E735-49F7-A834-C2CE31643F4C}.Debug|Any CPU.Build.0 = Debug|Any CPU
		{8E92C47A-E735-49F7-A834-C2CE31643F4C}.Release|Any CPU.ActiveCfg = Release|Any CPU
		{8E92C47A-E735-49F7-A834-C2CE31643F4C}.Release|Any CPU.Build.0 = Release|Any CPU
	EndGlobalSection
	GlobalSection(SolutionProperties) = preSolution
		HideSolutionNode = FALSE
	EndGlobalSection
	GlobalSection(ExtensibilityGlobals) = postSolution
		SolutionGuid = {3C469BA5-63EA-45F7-A0C6-DFBB4476E282}
	EndGlobalSection
EndGlobal
